
Microsoft Visual Studio Solution File, Format Version 12.00
# Visual Studio 15
VisualStudioVersion = 15.0.27428.2002
MinimumVisualStudioVersion = 10.0.40219.1
Project("{FAE04EC0-301F-11D3-BF4B-00C04F79EFBC}") = "Kagamitsuki", "Kagamitsuki\Kagamitsuki.csproj", "{B72CCF85-2A2B-4EA5-AA54-E5C39181A051}"
EndProject
Project("{FAE04EC0-301F-11D3-BF4B-00C04F79EFBC}") = "Kagamitsuki.SampleConsoleApp", "Kagamitsuki.SampleConsoleApp\Kagamitsuki.SampleConsoleApp.csproj", "{2C4C3691-278C-4A1E-A626-8640B9EB341F}"
EndProject
Global
	GlobalSection(SolutionConfigurationPlatforms) = preSolution
		Debug|Any CPU = Debug|Any CPU
		Debug|x64 = Debug|x64
		Debug|x86 = Debug|x86
		Release|Any CPU = Release|Any CPU
		Release|x64 = Release|x64
		Release|x86 = Release|x86
	EndGlobalSection
	GlobalSection(ProjectConfigurationPlatforms) = postSolution
		{B72CCF85-2A2B-4EA5-AA54-E5C39181A051}.Debug|Any CPU.ActiveCfg = Debug|Any CPU
		{B72CCF85-2A2B-4EA5-AA54-E5C39181A051}.Debug|Any CPU.Build.0 = Debug|Any CPU
		{B72CCF85-2A2B-4EA5-AA54-E5C39181A051}.Debug|x64.ActiveCfg = Debug|x64
		{B72CCF85-2A2B-4EA5-AA54-E5C39181A051}.Debug|x64.Build.0 = Debug|x64
		{B72CCF85-2A2B-4EA5-AA54-E5C39181A051}.Debug|x86.ActiveCfg = Debug|x86
		{B72CCF85-2A2B-4EA5-AA54-E5C39181A051}.Debug|x86.Build.0 = Debug|x86
		{B72CCF85-2A2B-4EA5-AA54-E5C39181A051}.Release|Any CPU.ActiveCfg = Release|Any CPU
		{B72CCF85-2A2B-4EA5-AA54-E5C39181A051}.Release|Any CPU.Build.0 = Release|Any CPU
		{B72CCF85-2A2B-4EA5-AA54-E5C39181A051}.Release|x64.ActiveCfg = Release|x64
		{B72CCF85-2A2B-4EA5-AA54-E5C39181A051}.Release|x64.Build.0 = Release|x64
		{B72CCF85-2A2B-4EA5-AA54-E5C39181A051}.Release|x86.ActiveCfg = Release|x86
		{B72CCF85-2A2B-4EA5-AA54-E5C39181A051}.Release|x86.Build.0 = Release|x86
		{2C4C3691-278C-4A1E-A626-8640B9EB341F}.Debug|Any CPU.ActiveCfg = Debug|Any CPU
		{2C4C3691-278C-4A1E-A626-8640B9EB341F}.Debug|Any CPU.Build.0 = Debug|Any CPU
		{2C4C3691-278C-4A1E-A626-8640B9EB341F}.Debug|x64.ActiveCfg = Debug|x64
		{2C4C3691-278C-4A1E-A626-8640B9EB341F}.Debug|x64.Build.0 = Debug|x64
		{2C4C3691-278C-4A1E-A626-8640B9EB341F}.Debug|x86.ActiveCfg = Debug|x86
		{2C4C3691-278C-4A1E-A626-8640B9EB341F}.Debug|x86.Build.0 = Debug|x86
		{2C4C3691-278C-4A1E-A626-8640B9EB341F}.Release|Any CPU.ActiveCfg = Release|Any CPU
		{2C4C3691-278C-4A1E-A626-8640B9EB341F}.Release|Any CPU.Build.0 = Release|Any CPU
		{2C4C3691-278C-4A1E-A626-8640B9EB341F}.Release|x64.ActiveCfg = Release|x64
		{2C4C3691-278C-4A1E-A626-8640B9EB341F}.Release|x64.Build.0 = Release|x64
		{2C4C3691-278C-4A1E-A626-8640B9EB341F}.Release|x86.ActiveCfg = Release|x86
		{2C4C3691-278C-4A1E-A626-8640B9EB341F}.Release|x86.Build.0 = Release|x86
	EndGlobalSection
	GlobalSection(SolutionProperties) = preSolution
		HideSolutionNode = FALSE
	EndGlobalSection
	GlobalSection(ExtensibilityGlobals) = postSolution
		SolutionGuid = {F9EB4402-87C0-4047-884D-7747E5F84D5F}
	EndGlobalSection
EndGlobal
